
Microsoft Visual Studio Solution File, Format Version 12.00
# Visual Studio 15
VisualStudioVersion = 15.0.28307.852
MinimumVisualStudioVersion = 10.0.40219.1
Project("{9A19103F-16F7-4668-BE54-9A1E7A4F7556}") = "InvestorHelper", "InvestorHelper.csproj", "{9C7E2B08-A0E3-4320-91A3-6A0B6BD08AC4}"
EndProject
Global
	GlobalSection(SolutionConfigurationPlatforms) = preSolution
		Debug|Any CPU = Debug|Any CPU
		Release|Any CPU = Release|Any CPU
	EndGlobalSection
	GlobalSection(ProjectConfigurationPlatforms) = postSolution
		{9C7E2B08-A0E3-4320-91A3-6A0B6BD08AC4}.Debug|Any CPU.ActiveCfg = Debug|Any CPU
		{9C7E2B08-A0E3-4320-91A3-6A0B6BD08AC4}.Debug|Any CPU.Build.0 = Debug|Any CPU
		{9C7E2B08-A0E3-4320-91A3-6A0B6BD08AC4}.Release|Any CPU.ActiveCfg = Release|Any CPU
		{9C7E2B08-A0E3-4320-91A3-6A0B6BD08AC4}.Release|Any CPU.Build.0 = Release|Any CPU
	EndGlobalSection
	GlobalSection(SolutionProperties) = preSolution
		HideSolutionNode = FALSE
	EndGlobalSection
	GlobalSection(ExtensibilityGlobals) = postSolution
		SolutionGuid = {8A8D8BF5-0EAC-44D3-9F5B-B674D1483795}
	EndGlobalSection
EndGlobal
